
Microsoft Visual Studio Solution File, Format Version 12.00
# Visual Studio 15
VisualStudioVersion = 15.0.27130.2027
MinimumVisualStudioVersion = 10.0.40219.1
Project("{FAE04EC0-301F-11D3-BF4B-00C04F79EFBC}") = "PostCardCenter", "PostCardCenter\PostCardCenter.csproj", "{E0978DFF-872F-49FC-9608-02A32C5DD4A3}"
	ProjectSection(ProjectDependencies) = postProject
		{9ADA8C78-8813-4853-86DC-2B1A7C62C516} = {9ADA8C78-8813-4853-86DC-2B1A7C62C516}
		{7E9FB079-4906-4E36-82D4-1DFA68A3AC7A} = {7E9FB079-4906-4E36-82D4-1DFA68A3AC7A}
		{1F086FC8-76BF-4345-B62A-5F90D381EB6A} = {1F086FC8-76BF-4345-B62A-5F90D381EB6A}
	EndProjectSection
EndProject
Project("{FAE04EC0-301F-11D3-BF4B-00C04F79EFBC}") = "soho", "soho\soho.csproj", "{1F086FC8-76BF-4345-B62A-5F90D381EB6A}"
EndProject
Project("{FAE04EC0-301F-11D3-BF4B-00C04F79EFBC}") = "postCardCenterSdk", "postCardCenterSdk\postCardCenterSdk.csproj", "{9ADA8C78-8813-4853-86DC-2B1A7C62C516}"
EndProject
Project("{FAE04EC0-301F-11D3-BF4B-00C04F79EFBC}") = "OrderBatchCreate", "OrderBatchCreate\OrderBatchCreate.csproj", "{F093C784-F735-4817-8826-AC5D35C1C70A}"
EndProject
Project("{FAE04EC0-301F-11D3-BF4B-00C04F79EFBC}") = "SystemSetting", "SystemSetting\SystemSetting.csproj", "{2F888264-1FA2-4F7C-A9BB-4AE388B816E6}"
EndProject
Project("{FAE04EC0-301F-11D3-BF4B-00C04F79EFBC}") = "PostCardCrop", "PostCardCrop\PostCardCrop.csproj", "{AD3764F1-FE61-4CC0-8A5C-C830CB32FE14}"
EndProject
Project("{FAE04EC0-301F-11D3-BF4B-00C04F79EFBC}") = "pictureCroper", "pictureCroper\pictureCroper.csproj", "{89667AF6-AEBB-4FF8-B9E2-F4964353EEFD}"
EndProject
Project("{FAE04EC0-301F-11D3-BF4B-00C04F79EFBC}") = "PhotoCropper", "PhotoCropper\PhotoCropper.csproj", "{7E9FB079-4906-4E36-82D4-1DFA68A3AC7A}"
EndProject
Project("{FAE04EC0-301F-11D3-BF4B-00C04F79EFBC}") = "PostCardProcessor", "PostCardProcessor\PostCardProcessor.csproj", "{32596C1F-259D-410E-B6F3-BA61AEC6AEF6}"
EndProject
Project("{FAE04EC0-301F-11D3-BF4B-00C04F79EFBC}") = "PostCardQueueProcessor", "PostCardQueueProcessor\PostCardQueueProcessor.csproj", "{6AD412A7-F9E3-42ED-93EF-C16132173E9D}"
EndProject
Global
	GlobalSection(SolutionConfigurationPlatforms) = preSolution
		Debug|Any CPU = Debug|Any CPU
		Debug|x64 = Debug|x64
		Release|Any CPU = Release|Any CPU
		Release|x64 = Release|x64
	EndGlobalSection
	GlobalSection(ProjectConfigurationPlatforms) = postSolution
		{E0978DFF-872F-49FC-9608-02A32C5DD4A3}.Debug|Any CPU.ActiveCfg = Debug|Any CPU
		{E0978DFF-872F-49FC-9608-02A32C5DD4A3}.Debug|Any CPU.Build.0 = Debug|Any CPU
		{E0978DFF-872F-49FC-9608-02A32C5DD4A3}.Debug|x64.ActiveCfg = Debug|x64
		{E0978DFF-872F-49FC-9608-02A32C5DD4A3}.Debug|x64.Build.0 = Debug|x64
		{E0978DFF-872F-49FC-9608-02A32C5DD4A3}.Release|Any CPU.ActiveCfg = Release|Any CPU
		{E0978DFF-872F-49FC-9608-02A32C5DD4A3}.Release|Any CPU.Build.0 = Release|Any CPU
		{E0978DFF-872F-49FC-9608-02A32C5DD4A3}.Release|x64.ActiveCfg = Release|Any CPU
		{E0978DFF-872F-49FC-9608-02A32C5DD4A3}.Release|x64.Build.0 = Release|Any CPU
		{1F086FC8-76BF-4345-B62A-5F90D381EB6A}.Debug|Any CPU.ActiveCfg = Debug|Any CPU
		{1F086FC8-76BF-4345-B62A-5F90D381EB6A}.Debug|Any CPU.Build.0 = Debug|Any CPU
		{1F086FC8-76BF-4345-B62A-5F90D381EB6A}.Debug|x64.ActiveCfg = Debug|x64
		{1F086FC8-76BF-4345-B62A-5F90D381EB6A}.Debug|x64.Build.0 = Debug|x64
		{1F086FC8-76BF-4345-B62A-5F90D381EB6A}.Release|Any CPU.ActiveCfg = Release|Any CPU
		{1F086FC8-76BF-4345-B62A-5F90D381EB6A}.Release|Any CPU.Build.0 = Release|Any CPU
		{1F086FC8-76BF-4345-B62A-5F90D381EB6A}.Release|x64.ActiveCfg = Release|Any CPU
		{1F086FC8-76BF-4345-B62A-5F90D381EB6A}.Release|x64.Build.0 = Release|Any CPU
		{9ADA8C78-8813-4853-86DC-2B1A7C62C516}.Debug|Any CPU.ActiveCfg = Debug|Any CPU
		{9ADA8C78-8813-4853-86DC-2B1A7C62C516}.Debug|Any CPU.Build.0 = Debug|Any CPU
		{9ADA8C78-8813-4853-86DC-2B1A7C62C516}.Debug|x64.ActiveCfg = Debug|x64
		{9ADA8C78-8813-4853-86DC-2B1A7C62C516}.Debug|x64.Build.0 = Debug|x64
		{9ADA8C78-8813-4853-86DC-2B1A7C62C516}.Release|Any CPU.ActiveCfg = Release|Any CPU
		{9ADA8C78-8813-4853-86DC-2B1A7C62C516}.Release|Any CPU.Build.0 = Release|Any CPU
		{9ADA8C78-8813-4853-86DC-2B1A7C62C516}.Release|x64.ActiveCfg = Release|Any CPU
		{9ADA8C78-8813-4853-86DC-2B1A7C62C516}.Release|x64.Build.0 = Release|Any CPU
		{F093C784-F735-4817-8826-AC5D35C1C70A}.Debug|Any CPU.ActiveCfg = Debug|Any CPU
		{F093C784-F735-4817-8826-AC5D35C1C70A}.Debug|Any CPU.Build.0 = Debug|Any CPU
		{F093C784-F735-4817-8826-AC5D35C1C70A}.Debug|x64.ActiveCfg = Debug|x64
		{F093C784-F735-4817-8826-AC5D35C1C70A}.Debug|x64.Build.0 = Debug|x64
		{F093C784-F735-4817-8826-AC5D35C1C70A}.Release|Any CPU.ActiveCfg = Release|Any CPU
		{F093C784-F735-4817-8826-AC5D35C1C70A}.Release|Any CPU.Build.0 = Release|Any CPU
		{F093C784-F735-4817-8826-AC5D35C1C70A}.Release|x64.ActiveCfg = Release|x64
		{F093C784-F735-4817-8826-AC5D35C1C70A}.Release|x64.Build.0 = Release|x64
		{2F888264-1FA2-4F7C-A9BB-4AE388B816E6}.Debug|Any CPU.ActiveCfg = Debug|Any CPU
		{2F888264-1FA2-4F7C-A9BB-4AE388B816E6}.Debug|Any CPU.Build.0 = Debug|Any CPU
		{2F888264-1FA2-4F7C-A9BB-4AE388B816E6}.Debug|x64.ActiveCfg = Debug|x64
		{2F888264-1FA2-4F7C-A9BB-4AE388B816E6}.Debug|x64.Build.0 = Debug|x64
		{2F888264-1FA2-4F7C-A9BB-4AE388B816E6}.Release|Any CPU.ActiveCfg = Release|Any CPU
		{2F888264-1FA2-4F7C-A9BB-4AE388B816E6}.Release|Any CPU.Build.0 = Release|Any CPU
		{2F888264-1FA2-4F7C-A9BB-4AE388B816E6}.Release|x64.ActiveCfg = Release|Any CPU
		{2F888264-1FA2-4F7C-A9BB-4AE388B816E6}.Release|x64.Build.0 = Release|Any CPU
		{AD3764F1-FE61-4CC0-8A5C-C830CB32FE14}.Debug|Any CPU.ActiveCfg = Debug|Any CPU
		{AD3764F1-FE61-4CC0-8A5C-C830CB32FE14}.Debug|Any CPU.Build.0 = Debug|Any CPU
		{AD3764F1-FE61-4CC0-8A5C-C830CB32FE14}.Debug|x64.ActiveCfg = Debug|x64
		{AD3764F1-FE61-4CC0-8A5C-C830CB32FE14}.Debug|x64.Build.0 = Debug|x64
		{AD3764F1-FE61-4CC0-8A5C-C830CB32FE14}.Release|Any CPU.ActiveCfg = Release|Any CPU
		{AD3764F1-FE61-4CC0-8A5C-C830CB32FE14}.Release|Any CPU.Build.0 = Release|Any CPU
		{AD3764F1-FE61-4CC0-8A5C-C830CB32FE14}.Release|x64.ActiveCfg = Release|Any CPU
		{AD3764F1-FE61-4CC0-8A5C-C830CB32FE14}.Release|x64.Build.0 = Release|Any CPU
		{89667AF6-AEBB-4FF8-B9E2-F4964353EEFD}.Debug|Any CPU.ActiveCfg = Debug|Any CPU
		{89667AF6-AEBB-4FF8-B9E2-F4964353EEFD}.Debug|Any CPU.Build.0 = Debug|Any CPU
		{89667AF6-AEBB-4FF8-B9E2-F4964353EEFD}.Debug|x64.ActiveCfg = Debug|Any CPU
		{89667AF6-AEBB-4FF8-B9E2-F4964353EEFD}.Debug|x64.Build.0 = Debug|Any CPU
		{89667AF6-AEBB-4FF8-B9E2-F4964353EEFD}.Release|Any CPU.ActiveCfg = Release|Any CPU
		{89667AF6-AEBB-4FF8-B9E2-F4964353EEFD}.Release|Any CPU.Build.0 = Release|Any CPU
		{89667AF6-AEBB-4FF8-B9E2-F4964353EEFD}.Release|x64.ActiveCfg = Release|Any CPU
		{89667AF6-AEBB-4FF8-B9E2-F4964353EEFD}.Release|x64.Build.0 = Release|Any CPU
		{7E9FB079-4906-4E36-82D4-1DFA68A3AC7A}.Debug|Any CPU.ActiveCfg = Debug|Any CPU
		{7E9FB079-4906-4E36-82D4-1DFA68A3AC7A}.Debug|Any CPU.Build.0 = Debug|Any CPU
		{7E9FB079-4906-4E36-82D4-1DFA68A3AC7A}.Debug|x64.ActiveCfg = Debug|Any CPU
		{7E9FB079-4906-4E36-82D4-1DFA68A3AC7A}.Debug|x64.Build.0 = Debug|Any CPU
		{7E9FB079-4906-4E36-82D4-1DFA68A3AC7A}.Release|Any CPU.ActiveCfg = Release|Any CPU
		{7E9FB079-4906-4E36-82D4-1DFA68A3AC7A}.Release|Any CPU.Build.0 = Release|Any CPU
		{7E9FB079-4906-4E36-82D4-1DFA68A3AC7A}.Release|x64.ActiveCfg = Release|Any CPU
		{7E9FB079-4906-4E36-82D4-1DFA68A3AC7A}.Release|x64.Build.0 = Release|Any CPU
		{32596C1F-259D-410E-B6F3-BA61AEC6AEF6}.Debug|Any CPU.ActiveCfg = Debug|Any CPU
		{32596C1F-259D-410E-B6F3-BA61AEC6AEF6}.Debug|Any CPU.Build.0 = Debug|Any CPU
		{32596C1F-259D-410E-B6F3-BA61AEC6AEF6}.Debug|x64.ActiveCfg = Debug|Any CPU
		{32596C1F-259D-410E-B6F3-BA61AEC6AEF6}.Debug|x64.Build.0 = Debug|Any CPU
		{32596C1F-259D-410E-B6F3-BA61AEC6AEF6}.Release|Any CPU.ActiveCfg = Release|Any CPU
		{32596C1F-259D-410E-B6F3-BA61AEC6AEF6}.Release|Any CPU.Build.0 = Release|Any CPU
		{32596C1F-259D-410E-B6F3-BA61AEC6AEF6}.Release|x64.ActiveCfg = Release|Any CPU
		{32596C1F-259D-410E-B6F3-BA61AEC6AEF6}.Release|x64.Build.0 = Release|Any CPU
		{6AD412A7-F9E3-42ED-93EF-C16132173E9D}.Debug|Any CPU.ActiveCfg = Debug|Any CPU
		{6AD412A7-F9E3-42ED-93EF-C16132173E9D}.Debug|Any CPU.Build.0 = Debug|Any CPU
		{6AD412A7-F9E3-42ED-93EF-C16132173E9D}.Debug|x64.ActiveCfg = Debug|Any CPU
		{6AD412A7-F9E3-42ED-93EF-C16132173E9D}.Debug|x64.Build.0 = Debug|Any CPU
		{6AD412A7-F9E3-42ED-93EF-C16132173E9D}.Release|Any CPU.ActiveCfg = Release|Any CPU
		{6AD412A7-F9E3-42ED-93EF-C16132173E9D}.Release|Any CPU.Build.0 = Release|Any CPU
		{6AD412A7-F9E3-42ED-93EF-C16132173E9D}.Release|x64.ActiveCfg = Release|Any CPU
		{6AD412A7-F9E3-42ED-93EF-C16132173E9D}.Release|x64.Build.0 = Release|Any CPU
	EndGlobalSection
	GlobalSection(SolutionProperties) = preSolution
		HideSolutionNode = FALSE
	EndGlobalSection
	GlobalSection(ExtensibilityGlobals) = postSolution
		SolutionGuid = {1BA107A8-069D-40BF-892B-7D9591CF99B0}
	EndGlobalSection
EndGlobal
